
Microsoft Visual Studio Solution File, Format Version 12.00
# Visual Studio Version 17
VisualStudioVersion = 17.9.34728.123
MinimumVisualStudioVersion = 10.0.40219.1
Project("{FAE04EC0-301F-11D3-BF4B-00C04F79EFBC}") = "Juan-Project", "Juan-Project\Juan-Project.csproj", "{254BC458-AFA9-49DC-AF95-30E9F54FE3E7}"
EndProject
Project("{FAE04EC0-301F-11D3-BF4B-00C04F79EFBC}") = "JuanDB", "JuanDB\JuanDB.csproj", "{830AEC98-BDFF-4299-B05D-BAE49C2EA61B}"
EndProject
Global
	GlobalSection(SolutionConfigurationPlatforms) = preSolution
		Debug|Any CPU = Debug|Any CPU
		Release|Any CPU = Release|Any CPU
	EndGlobalSection
	GlobalSection(ProjectConfigurationPlatforms) = postSolution
		{254BC458-AFA9-49DC-AF95-30E9F54FE3E7}.Debug|Any CPU.ActiveCfg = Debug|Any CPU
		{254BC458-AFA9-49DC-AF95-30E9F54FE3E7}.Debug|Any CPU.Build.0 = Debug|Any CPU
		{254BC458-AFA9-49DC-AF95-30E9F54FE3E7}.Release|Any CPU.ActiveCfg = Release|Any CPU
		{254BC458-AFA9-49DC-AF95-30E9F54FE3E7}.Release|Any CPU.Build.0 = Release|Any CPU
		{830AEC98-BDFF-4299-B05D-BAE49C2EA61B}.Debug|Any CPU.ActiveCfg = Debug|Any CPU
		{830AEC98-BDFF-4299-B05D-BAE49C2EA61B}.Debug|Any CPU.Build.0 = Debug|Any CPU
		{830AEC98-BDFF-4299-B05D-BAE49C2EA61B}.Release|Any CPU.ActiveCfg = Release|Any CPU
		{830AEC98-BDFF-4299-B05D-BAE49C2EA61B}.Release|Any CPU.Build.0 = Release|Any CPU
	EndGlobalSection
	GlobalSection(SolutionProperties) = preSolution
		HideSolutionNode = FALSE
	EndGlobalSection
	GlobalSection(ExtensibilityGlobals) = postSolution
		SolutionGuid = {1500F0BB-76BC-4AFC-8821-93B018BA5BDB}
	EndGlobalSection
EndGlobal
